
Microsoft Visual Studio Solution File, Format Version 12.00
# Visual Studio Version 17
VisualStudioVersion = 17.0.32126.317
MinimumVisualStudioVersion = 10.0.40219.1
Project("{8BC9CEB8-8B4A-11D0-8D11-00A0C91BC942}") = "Codewars", "Codewars\Codewars.vcxproj", "{676AE057-9B63-4D81-97B7-CD9C7AC31913}"
EndProject
Project("{8BC9CEB8-8B4A-11D0-8D11-00A0C91BC942}") = "CodewarsTests", "CodewarsTests\CodewarsTests.vcxproj", "{774B6E27-9997-4E7A-B105-F1F0AFBBECDA}"
EndProject
Global
	GlobalSection(SolutionConfigurationPlatforms) = preSolution
		Debug|x64 = Debug|x64
		Debug|x86 = Debug|x86
		Release|x64 = Release|x64
		Release|x86 = Release|x86
	EndGlobalSection
	GlobalSection(ProjectConfigurationPlatforms) = postSolution
		{676AE057-9B63-4D81-97B7-CD9C7AC31913}.Debug|x64.ActiveCfg = Debug|x64
		{676AE057-9B63-4D81-97B7-CD9C7AC31913}.Debug|x64.Build.0 = Debug|x64
		{676AE057-9B63-4D81-97B7-CD9C7AC31913}.Debug|x86.ActiveCfg = Debug|Win32
		{676AE057-9B63-4D81-97B7-CD9C7AC31913}.Debug|x86.Build.0 = Debug|Win32
		{676AE057-9B63-4D81-97B7-CD9C7AC31913}.Release|x64.ActiveCfg = Release|x64
		{676AE057-9B63-4D81-97B7-CD9C7AC31913}.Release|x64.Build.0 = Release|x64
		{676AE057-9B63-4D81-97B7-CD9C7AC31913}.Release|x86.ActiveCfg = Release|Win32
		{676AE057-9B63-4D81-97B7-CD9C7AC31913}.Release|x86.Build.0 = Release|Win32
		{774B6E27-9997-4E7A-B105-F1F0AFBBECDA}.Debug|x64.ActiveCfg = Debug|x64
		{774B6E27-9997-4E7A-B105-F1F0AFBBECDA}.Debug|x64.Build.0 = Debug|x64
		{774B6E27-9997-4E7A-B105-F1F0AFBBECDA}.Debug|x86.ActiveCfg = Debug|Win32
		{774B6E27-9997-4E7A-B105-F1F0AFBBECDA}.Debug|x86.Build.0 = Debug|Win32
		{774B6E27-9997-4E7A-B105-F1F0AFBBECDA}.Release|x64.ActiveCfg = Release|x64
		{774B6E27-9997-4E7A-B105-F1F0AFBBECDA}.Release|x64.Build.0 = Release|x64
		{774B6E27-9997-4E7A-B105-F1F0AFBBECDA}.Release|x86.ActiveCfg = Release|Win32
		{774B6E27-9997-4E7A-B105-F1F0AFBBECDA}.Release|x86.Build.0 = Release|Win32
	EndGlobalSection
	GlobalSection(SolutionProperties) = preSolution
		HideSolutionNode = FALSE
	EndGlobalSection
	GlobalSection(ExtensibilityGlobals) = postSolution
		SolutionGuid = {485BE6DE-10FA-493A-93AD-BB41853F9D59}
	EndGlobalSection
EndGlobal
